PODS:
  - MTSBankFeatureWithSwiftGen (0.1.0)
  - SwiftGen (6.1.0)

DEPENDENCIES:
  - MTSBankFeatureWithSwiftGen (from `../`)
  - SwiftGen

SPEC REPOS:
  trunk:
    - SwiftGen

EXTERNAL SOURCES:
  MTSBankFeatureWithSwiftGen:
    :path: "../"

SPEC CHECKSUMS:
  MTSBankFeatureWithSwiftGen: fa1589c3872b02e375e9d6656821c5d036e42df8
  SwiftGen: f872ca75cbd17bf7103c17f13dcfa0d9a15667b0

PODFILE CHECKSUM: edea91c57968edd6cc4c18ac0fe79f4c8e3c5a8d

COCOAPODS: 1.8.4
